
Microsoft Visual Studio Solution File, Format Version 12.00
# Visual Studio Version 16
VisualStudioVersion = 16.0.30907.101
MinimumVisualStudioVersion = 10.0.40219.1
Project("{FAE04EC0-301F-11D3-BF4B-00C04F79EFBC}") = "QRZLibrary", "QRZLibrary\QRZLibrary.csproj", "{426E4FE5-A316-4538-93BD-B08687710CB9}"
EndProject
Project("{FAE04EC0-301F-11D3-BF4B-00C04F79EFBC}") = "QRZConsole", "QRZConsole\QRZConsole.csproj", "{4CBD51F6-4144-4CEE-B7D2-922B33545F2E}"
EndProject
Project("{2150E333-8FDC-42A3-9474-1A3956D46DE8}") = "Solution Items", "Solution Items", "{A0E2CB07-2DF9-4ACD-B248-90CC27F77105}"
EndProject
Project("{FAE04EC0-301F-11D3-BF4B-00C04F79EFBC}") = "QRZTest", "QRZTest\QRZTest.csproj", "{87AB2794-85E7-4044-AB36-FC8A78E05483}"
EndProject
Global
	GlobalSection(SolutionConfigurationPlatforms) = preSolution
		Debug|Any CPU = Debug|Any CPU
		Release|Any CPU = Release|Any CPU
	EndGlobalSection
	GlobalSection(ProjectConfigurationPlatforms) = postSolution
		{426E4FE5-A316-4538-93BD-B08687710CB9}.Debug|Any CPU.ActiveCfg = Debug|Any CPU
		{426E4FE5-A316-4538-93BD-B08687710CB9}.Debug|Any CPU.Build.0 = Debug|Any CPU
		{426E4FE5-A316-4538-93BD-B08687710CB9}.Release|Any CPU.ActiveCfg = Release|Any CPU
		{426E4FE5-A316-4538-93BD-B08687710CB9}.Release|Any CPU.Build.0 = Release|Any CPU
		{4CBD51F6-4144-4CEE-B7D2-922B33545F2E}.Debug|Any CPU.ActiveCfg = Debug|Any CPU
		{4CBD51F6-4144-4CEE-B7D2-922B33545F2E}.Debug|Any CPU.Build.0 = Debug|Any CPU
		{4CBD51F6-4144-4CEE-B7D2-922B33545F2E}.Release|Any CPU.ActiveCfg = Release|Any CPU
		{4CBD51F6-4144-4CEE-B7D2-922B33545F2E}.Release|Any CPU.Build.0 = Release|Any CPU
		{87AB2794-85E7-4044-AB36-FC8A78E05483}.Debug|Any CPU.ActiveCfg = Debug|Any CPU
		{87AB2794-85E7-4044-AB36-FC8A78E05483}.Debug|Any CPU.Build.0 = Debug|Any CPU
		{87AB2794-85E7-4044-AB36-FC8A78E05483}.Release|Any CPU.ActiveCfg = Release|Any CPU
		{87AB2794-85E7-4044-AB36-FC8A78E05483}.Release|Any CPU.Build.0 = Release|Any CPU
	EndGlobalSection
	GlobalSection(SolutionProperties) = preSolution
		HideSolutionNode = FALSE
	EndGlobalSection
	GlobalSection(ExtensibilityGlobals) = postSolution
		SolutionGuid = {965788EA-5E80-4D28-825D-4DC0ECF9EDE9}
	EndGlobalSection
EndGlobal
